# This file is autogenerated, do not edit; changes may be undone by the next 'dep ensure'.


[[projects]]
  branch = "master"
  name = "github.com/BeepBoopHQ/go-slackbot"
  packages = ["."]
  revision = "58027c0d5238a0604305652ea526b3c18a7cead1"

[[projects]]
  name = "github.com/nlopes/slack"
  packages = ["."]
  revision = "3e8aa5655be613e1d4ce0b740993bb734a2b0f7b"
  version = "v0.0.1"

[[projects]]
  branch = "master"
  name = "golang.org/x/net"
  packages = ["context","websocket"]
  revision = "f5079bd7f6f74e23c4d65efa0f4ce14cbd6a3c0f"

[solve-meta]
  analyzer-name = "dep"
  analyzer-version = 1
  inputs-digest = "38b43512c2e6fc29bcd8266f87454c92cddf5c5a010dcf5cd8de9cebdc38748f"
  solver-name = "gps-cdcl"
  solver-version = 1
